
Microsoft Visual Studio Solution File, Format Version 12.00
# Visual Studio Version 17
VisualStudioVersion = 17.0.31521.260
MinimumVisualStudioVersion = 10.0.40219.1
Project("{2150E333-8FDC-42A3-9474-1A3956D46DE8}") = "Solution Items", "Solution Items", "{1D5AAC85-98A1-448B-A617-90C77BA913A7}"
	ProjectSection(SolutionItems) = preProject
		.gitignore = .gitignore
	EndProjectSection
EndProject
Project("{9A19103F-16F7-4668-BE54-9A1E7A4F7556}") = "Kafuu.Core", "Kafuu.Core\Kafuu.Core.csproj", "{CD343A39-9939-4A66-BF0E-89C5D9D7F5B8}"
EndProject
Project("{9A19103F-16F7-4668-BE54-9A1E7A4F7556}") = "Kafuu.Console", "Kafuu.Console\Kafuu.Console.csproj", "{C909E757-7D1C-4093-B817-831A8E3C2EB8}"
EndProject
Project("{9A19103F-16F7-4668-BE54-9A1E7A4F7556}") = "Kafuu.MSTest", "Kafuu.MSTest\Kafuu.MSTest.csproj", "{99A12C17-5F3F-4DCF-80CC-0492082F6C6A}"
EndProject
Project("{9A19103F-16F7-4668-BE54-9A1E7A4F7556}") = "Kafuu.Api", "Kafuu.Api\Kafuu.Api.csproj", "{01D99F54-94D7-4678-BA89-41514B72A79A}"
EndProject
Global
	GlobalSection(SolutionConfigurationPlatforms) = preSolution
		Debug|Any CPU = Debug|Any CPU
		Release|Any CPU = Release|Any CPU
	EndGlobalSection
	GlobalSection(ProjectConfigurationPlatforms) = postSolution
		{CD343A39-9939-4A66-BF0E-89C5D9D7F5B8}.Debug|Any CPU.ActiveCfg = Debug|Any CPU
		{CD343A39-9939-4A66-BF0E-89C5D9D7F5B8}.Debug|Any CPU.Build.0 = Debug|Any CPU
		{CD343A39-9939-4A66-BF0E-89C5D9D7F5B8}.Release|Any CPU.ActiveCfg = Release|Any CPU
		{CD343A39-9939-4A66-BF0E-89C5D9D7F5B8}.Release|Any CPU.Build.0 = Release|Any CPU
		{C909E757-7D1C-4093-B817-831A8E3C2EB8}.Debug|Any CPU.ActiveCfg = Debug|Any CPU
		{C909E757-7D1C-4093-B817-831A8E3C2EB8}.Debug|Any CPU.Build.0 = Debug|Any CPU
		{C909E757-7D1C-4093-B817-831A8E3C2EB8}.Release|Any CPU.ActiveCfg = Release|Any CPU
		{C909E757-7D1C-4093-B817-831A8E3C2EB8}.Release|Any CPU.Build.0 = Release|Any CPU
		{99A12C17-5F3F-4DCF-80CC-0492082F6C6A}.Debug|Any CPU.ActiveCfg = Debug|Any CPU
		{99A12C17-5F3F-4DCF-80CC-0492082F6C6A}.Debug|Any CPU.Build.0 = Debug|Any CPU
		{99A12C17-5F3F-4DCF-80CC-0492082F6C6A}.Release|Any CPU.ActiveCfg = Release|Any CPU
		{99A12C17-5F3F-4DCF-80CC-0492082F6C6A}.Release|Any CPU.Build.0 = Release|Any CPU
		{01D99F54-94D7-4678-BA89-41514B72A79A}.Debug|Any CPU.ActiveCfg = Debug|Any CPU
		{01D99F54-94D7-4678-BA89-41514B72A79A}.Debug|Any CPU.Build.0 = Debug|Any CPU
		{01D99F54-94D7-4678-BA89-41514B72A79A}.Release|Any CPU.ActiveCfg = Release|Any CPU
		{01D99F54-94D7-4678-BA89-41514B72A79A}.Release|Any CPU.Build.0 = Release|Any CPU
	EndGlobalSection
	GlobalSection(SolutionProperties) = preSolution
		HideSolutionNode = FALSE
	EndGlobalSection
	GlobalSection(ExtensibilityGlobals) = postSolution
		SolutionGuid = {C490757A-803D-4932-895F-B7F59C09BA34}
	EndGlobalSection
EndGlobal
